Microsoft Visual Studio Solution File, Format Version 12.00
# Visual Studio 2012
Project("{FAE04EC0-301F-11D3-BF4B-00C04F79EFBC}") = "Ter of the Magic", "Ter of the Magic.csproj", "{A7EE68EA-6D0C-4CFB-B5E0-0881AEF3B2D6}"
EndProject
Global
	GlobalSection(SolutionConfigurationPlatforms) = preSolution
	Debug|Any CPU = Debug|Any CPU
	ExportDebug|Any CPU = ExportDebug|Any CPU
	ExportRelease|Any CPU = ExportRelease|Any CPU
	EndGlobalSection
	GlobalSection(ProjectConfigurationPlatforms) = postSolution
		{A7EE68EA-6D0C-4CFB-B5E0-0881AEF3B2D6}.Debug|Any CPU.ActiveCfg = Debug|Any CPU
		{A7EE68EA-6D0C-4CFB-B5E0-0881AEF3B2D6}.Debug|Any CPU.Build.0 = Debug|Any CPU
		{A7EE68EA-6D0C-4CFB-B5E0-0881AEF3B2D6}.ExportDebug|Any CPU.ActiveCfg = ExportDebug|Any CPU
		{A7EE68EA-6D0C-4CFB-B5E0-0881AEF3B2D6}.ExportDebug|Any CPU.Build.0 = ExportDebug|Any CPU
		{A7EE68EA-6D0C-4CFB-B5E0-0881AEF3B2D6}.ExportRelease|Any CPU.ActiveCfg = ExportRelease|Any CPU
		{A7EE68EA-6D0C-4CFB-B5E0-0881AEF3B2D6}.ExportRelease|Any CPU.Build.0 = ExportRelease|Any CPU
	EndGlobalSection
EndGlobal
